Microsoft Visual Studio Solution File, Format Version 11.00
# Visual Studio 2008

Project("{A8EC1AEB-7774-20FE-659B-C3E654E87E78}") = "Workshop_CRM15", "Assembly-CSharp-firstpass.csproj", "{71F8A4B8-2C69-1F09-8DAD-B8223B3A05CB}"
EndProject
Project("{A8EC1AEB-7774-20FE-659B-C3E654E87E78}") = "Workshop_CRM15", "Assembly-CSharp.csproj", "{6AFE99F5-76CF-20E8-0FDD-450F98230FB9}"
EndProject
Project("{A8EC1AEB-7774-20FE-659B-C3E654E87E78}") = "Workshop_CRM15", "Assembly-CSharp-Editor.csproj", "{488CD217-1AE7-C35B-6101-6F17A0532346}"
EndProject
Project("{A8EC1AEB-7774-20FE-659B-C3E654E87E78}") = "Workshop_CRM15", "Assembly-UnityScript.unityproj", "{4F62DDF2-5683-957F-25C1-57AD9FE08383}"
EndProject
Global
	GlobalSection(SolutionConfigurationPlatforms) = preSolution
		Debug|Any CPU = Debug|Any CPU
		Release|Any CPU = Release|Any CPU
	EndGlobalSection
	GlobalSection(ProjectConfigurationPlatforms) = postSolution
		{71F8A4B8-2C69-1F09-8DAD-B8223B3A05CB}.Debug|Any CPU.ActiveCfg = Debug|Any CPU
		{71F8A4B8-2C69-1F09-8DAD-B8223B3A05CB}.Debug|Any CPU.Build.0 = Debug|Any CPU
		{71F8A4B8-2C69-1F09-8DAD-B8223B3A05CB}.Release|Any CPU.ActiveCfg = Release|Any CPU
		{71F8A4B8-2C69-1F09-8DAD-B8223B3A05CB}.Release|Any CPU.Build.0 = Release|Any CPU
		{6AFE99F5-76CF-20E8-0FDD-450F98230FB9}.Debug|Any CPU.ActiveCfg = Debug|Any CPU
		{6AFE99F5-76CF-20E8-0FDD-450F98230FB9}.Debug|Any CPU.Build.0 = Debug|Any CPU
		{6AFE99F5-76CF-20E8-0FDD-450F98230FB9}.Release|Any CPU.ActiveCfg = Release|Any CPU
		{6AFE99F5-76CF-20E8-0FDD-450F98230FB9}.Release|Any CPU.Build.0 = Release|Any CPU
		{488CD217-1AE7-C35B-6101-6F17A0532346}.Debug|Any CPU.ActiveCfg = Debug|Any CPU
		{488CD217-1AE7-C35B-6101-6F17A0532346}.Debug|Any CPU.Build.0 = Debug|Any CPU
		{488CD217-1AE7-C35B-6101-6F17A0532346}.Release|Any CPU.ActiveCfg = Release|Any CPU
		{488CD217-1AE7-C35B-6101-6F17A0532346}.Release|Any CPU.Build.0 = Release|Any CPU
		{4F62DDF2-5683-957F-25C1-57AD9FE08383}.Debug|Any CPU.ActiveCfg = Debug|Any CPU
		{4F62DDF2-5683-957F-25C1-57AD9FE08383}.Debug|Any CPU.Build.0 = Debug|Any CPU
		{4F62DDF2-5683-957F-25C1-57AD9FE08383}.Release|Any CPU.ActiveCfg = Release|Any CPU
		{4F62DDF2-5683-957F-25C1-57AD9FE08383}.Release|Any CPU.Build.0 = Release|Any CPU
	EndGlobalSection
	GlobalSection(SolutionProperties) = preSolution
		HideSolutionNode = FALSE
	EndGlobalSection
																																																																									GlobalSection(MonoDevelopProperties) = preSolution
		StartupItem = Assembly-CSharp.csproj
		Policies = $0
		$0.TextStylePolicy = $1
		$1.inheritsSet = null
		$1.scope = text/x-csharp
		$0.CSharpFormattingPolicy = $2
		$2.inheritsSet = Mono
		$2.inheritsScope = text/x-csharp
		$2.scope = text/x-csharp
		$0.TextStylePolicy = $3
		$3.FileWidth = 120
		$3.TabWidth = 4
		$3.IndentWidth = 4
		$3.EolMarker = Unix
		$3.inheritsSet = Mono
		$3.inheritsScope = text/plain
		$3.scope = text/plain
	EndGlobalSection

EndGlobal
